
Microsoft Visual Studio Solution File, Format Version 12.00
# Visual Studio Version 17
VisualStudioVersion = 17.12.35728.132
MinimumVisualStudioVersion = 10.0.40219.1
Project("{FAE04EC0-301F-11D3-BF4B-00C04F79EFBC}") = "CQRS_sem_MediatR", "src\CQRS_sem_MediatR.csproj", "{04280BFA-77F9-4F67-9DDB-31009BA2EAF9}"
EndProject
Project("{2150E333-8FDC-42A3-9474-1A3956D46DE8}") = "Itens de Solução", "Itens de Solução", "{33E17451-9605-4BAA-A5E4-333E2783C776}"
	ProjectSection(SolutionItems) = preProject
		README.md = README.md
	EndProjectSection
EndProject
Global
	GlobalSection(SolutionConfigurationPlatforms) = preSolution
		Debug|Any CPU = Debug|Any CPU
		Release|Any CPU = Release|Any CPU
	EndGlobalSection
	GlobalSection(ProjectConfigurationPlatforms) = postSolution
		{04280BFA-77F9-4F67-9DDB-31009BA2EAF9}.Debug|Any CPU.ActiveCfg = Debug|Any CPU
		{04280BFA-77F9-4F67-9DDB-31009BA2EAF9}.Debug|Any CPU.Build.0 = Debug|Any CPU
		{04280BFA-77F9-4F67-9DDB-31009BA2EAF9}.Release|Any CPU.ActiveCfg = Release|Any CPU
		{04280BFA-77F9-4F67-9DDB-31009BA2EAF9}.Release|Any CPU.Build.0 = Release|Any CPU
	EndGlobalSection
	GlobalSection(SolutionProperties) = preSolution
		HideSolutionNode = FALSE
	EndGlobalSection
EndGlobal
